
Microsoft Visual Studio Solution File, Format Version 12.00
# Visual Studio Version 16
VisualStudioVersion = 16.0.29609.76
MinimumVisualStudioVersion = 10.0.40219.1
Project("{9A19103F-16F7-4668-BE54-9A1E7A4F7556}") = "AllUniqueCharacters", "AllUniqueCharacters\AllUniqueCharacters.csproj", "{4C445AC9-3E39-4AF5-BD17-B4D2FB617DDD}"
EndProject
Project("{9A19103F-16F7-4668-BE54-9A1E7A4F7556}") = "ReverseString", "ReverseString\ReverseString.csproj", "{9DE7947A-23D1-40AA-8D46-CE2E099B6CD9}"
EndProject
Project("{9A19103F-16F7-4668-BE54-9A1E7A4F7556}") = "RemoveDuplicatesFromString", "RemoveDuplicatesFromString\RemoveDuplicatesFromString.csproj", "{F4F13A79-00D3-40ED-BBD7-D8E094497D7B}"
EndProject
Project("{9A19103F-16F7-4668-BE54-9A1E7A4F7556}") = "Helper", "Helper\Helper.csproj", "{DD294A55-0A3B-4755-B0F9-75844DE6FEF2}"
EndProject
Project("{2150E333-8FDC-42A3-9474-1A3956D46DE8}") = "tests", "tests", "{1424EBA3-879B-49F1-B2F3-B83F5127FA2E}"
EndProject
Project("{FAE04EC0-301F-11D3-BF4B-00C04F79EFBC}") = "UnitTests", "UnitTests\UnitTests.csproj", "{02631D6D-2FB2-4A85-82A0-5824BA9D849D}"
EndProject
Project("{FAE04EC0-301F-11D3-BF4B-00C04F79EFBC}") = "Anagram", "Anagram\Anagram.csproj", "{8989D21E-8E39-4B6D-8551-DBBBC4BE566E}"
EndProject
Global
	GlobalSection(SolutionConfigurationPlatforms) = preSolution
		Debug|Any CPU = Debug|Any CPU
		Release|Any CPU = Release|Any CPU
	EndGlobalSection
	GlobalSection(ProjectConfigurationPlatforms) = postSolution
		{4C445AC9-3E39-4AF5-BD17-B4D2FB617DDD}.Debug|Any CPU.ActiveCfg = Debug|Any CPU
		{4C445AC9-3E39-4AF5-BD17-B4D2FB617DDD}.Debug|Any CPU.Build.0 = Debug|Any CPU
		{4C445AC9-3E39-4AF5-BD17-B4D2FB617DDD}.Release|Any CPU.ActiveCfg = Release|Any CPU
		{4C445AC9-3E39-4AF5-BD17-B4D2FB617DDD}.Release|Any CPU.Build.0 = Release|Any CPU
		{9DE7947A-23D1-40AA-8D46-CE2E099B6CD9}.Debug|Any CPU.ActiveCfg = Debug|Any CPU
		{9DE7947A-23D1-40AA-8D46-CE2E099B6CD9}.Debug|Any CPU.Build.0 = Debug|Any CPU
		{9DE7947A-23D1-40AA-8D46-CE2E099B6CD9}.Release|Any CPU.ActiveCfg = Release|Any CPU
		{9DE7947A-23D1-40AA-8D46-CE2E099B6CD9}.Release|Any CPU.Build.0 = Release|Any CPU
		{F4F13A79-00D3-40ED-BBD7-D8E094497D7B}.Debug|Any CPU.ActiveCfg = Debug|Any CPU
		{F4F13A79-00D3-40ED-BBD7-D8E094497D7B}.Debug|Any CPU.Build.0 = Debug|Any CPU
		{F4F13A79-00D3-40ED-BBD7-D8E094497D7B}.Release|Any CPU.ActiveCfg = Release|Any CPU
		{F4F13A79-00D3-40ED-BBD7-D8E094497D7B}.Release|Any CPU.Build.0 = Release|Any CPU
		{DD294A55-0A3B-4755-B0F9-75844DE6FEF2}.Debug|Any CPU.ActiveCfg = Debug|Any CPU
		{DD294A55-0A3B-4755-B0F9-75844DE6FEF2}.Debug|Any CPU.Build.0 = Debug|Any CPU
		{DD294A55-0A3B-4755-B0F9-75844DE6FEF2}.Release|Any CPU.ActiveCfg = Release|Any CPU
		{DD294A55-0A3B-4755-B0F9-75844DE6FEF2}.Release|Any CPU.Build.0 = Release|Any CPU
		{02631D6D-2FB2-4A85-82A0-5824BA9D849D}.Debug|Any CPU.ActiveCfg = Debug|Any CPU
		{02631D6D-2FB2-4A85-82A0-5824BA9D849D}.Debug|Any CPU.Build.0 = Debug|Any CPU
		{02631D6D-2FB2-4A85-82A0-5824BA9D849D}.Release|Any CPU.ActiveCfg = Release|Any CPU
		{02631D6D-2FB2-4A85-82A0-5824BA9D849D}.Release|Any CPU.Build.0 = Release|Any CPU
		{8989D21E-8E39-4B6D-8551-DBBBC4BE566E}.Debug|Any CPU.ActiveCfg = Debug|Any CPU
		{8989D21E-8E39-4B6D-8551-DBBBC4BE566E}.Debug|Any CPU.Build.0 = Debug|Any CPU
		{8989D21E-8E39-4B6D-8551-DBBBC4BE566E}.Release|Any CPU.ActiveCfg = Release|Any CPU
		{8989D21E-8E39-4B6D-8551-DBBBC4BE566E}.Release|Any CPU.Build.0 = Release|Any CPU
	EndGlobalSection
	GlobalSection(SolutionProperties) = preSolution
		HideSolutionNode = FALSE
	EndGlobalSection
	GlobalSection(NestedProjects) = preSolution
		{02631D6D-2FB2-4A85-82A0-5824BA9D849D} = {1424EBA3-879B-49F1-B2F3-B83F5127FA2E}
	EndGlobalSection
	GlobalSection(ExtensibilityGlobals) = postSolution
		SolutionGuid = {ED8D9F01-05C2-465D-9B65-1423809C3020}
	EndGlobalSection
EndGlobal
