
Microsoft Visual Studio Solution File, Format Version 12.00
# Visual Studio Version 16
VisualStudioVersion = 16.0.29609.76
MinimumVisualStudioVersion = 10.0.40219.1
Project("{FAE04EC0-301F-11D3-BF4B-00C04F79EFBC}") = "AllUniqueCharacters", "AllUniqueCharacters\AllUniqueCharacters.csproj", "{4C445AC9-3E39-4AF5-BD17-B4D2FB617DDD}"
EndProject
Global
	GlobalSection(SolutionConfigurationPlatforms) = preSolution
		Debug|Any CPU = Debug|Any CPU
		Release|Any CPU = Release|Any CPU
	EndGlobalSection
	GlobalSection(ProjectConfigurationPlatforms) = postSolution
		{4C445AC9-3E39-4AF5-BD17-B4D2FB617DDD}.Debug|Any CPU.ActiveCfg = Debug|Any CPU
		{4C445AC9-3E39-4AF5-BD17-B4D2FB617DDD}.Debug|Any CPU.Build.0 = Debug|Any CPU
		{4C445AC9-3E39-4AF5-BD17-B4D2FB617DDD}.Release|Any CPU.ActiveCfg = Release|Any CPU
		{4C445AC9-3E39-4AF5-BD17-B4D2FB617DDD}.Release|Any CPU.Build.0 = Release|Any CPU
	EndGlobalSection
	GlobalSection(SolutionProperties) = preSolution
		HideSolutionNode = FALSE
	EndGlobalSection
	GlobalSection(ExtensibilityGlobals) = postSolution
		SolutionGuid = {ED8D9F01-05C2-465D-9B65-1423809C3020}
	EndGlobalSection
EndGlobal
